// !$*UTF8*$!
{
	archiveVersion = 1;
	classes = {
	};
	objectVersion = 56;
	objects = {

/* Begin PBXBuildFile section */
		FC14CA892AF145550099DDF0 /* SettingTableViewCell.swift in Sources */ = {isa = PBXBuildFile; fileRef = FC14CA882AF145550099DDF0 /* SettingTableViewCell.swift */; };
		FC17E3762AF0087600DB0472 /* SettingCoordinator.swift in Sources */ = {isa = PBXBuildFile; fileRef = FC17E3752AF0087600DB0472 /* SettingCoordinator.swift */; };
		FC17E37A2AF00A7F00DB0472 /* SettingScreenViewModel.swift in Sources */ = {isa = PBXBuildFile; fileRef = FC17E3792AF00A7F00DB0472 /* SettingScreenViewModel.swift */; };
		FC1F0F9D2AEE624500AB5EDE /* CellSeparator.swift in Sources */ = {isa = PBXBuildFile; fileRef = FC1F0F9C2AEE624500AB5EDE /* CellSeparator.swift */; };
		FC29E7D02AE7BAE700A9E3B5 /* AddCurrencyViewController.swift in Sources */ = {isa = PBXBuildFile; fileRef = FC29E7CF2AE7BAE700A9E3B5 /* AddCurrencyViewController.swift */; };
		FC29E7D22AE7BDDB00A9E3B5 /* SelectCountryTableViewCell.swift in Sources */ = {isa = PBXBuildFile; fileRef = FC29E7D12AE7BDDB00A9E3B5 /* SelectCountryTableViewCell.swift */; };
		FC29E7D42AE7CAF300A9E3B5 /* SelectCountryViewController.swift in Sources */ = {isa = PBXBuildFile; fileRef = FC29E7D32AE7CAF300A9E3B5 /* SelectCountryViewController.swift */; };
		FC29E7D52AE81AAC00A9E3B5 /* Inter-Medium.otf in Resources */ = {isa = PBXBuildFile; fileRef = FCD9F35C2AE2AEDB00B2C790 /* Inter-Medium.otf */; };
		FC29E7D62AE81AB400A9E3B5 /* Montserrat-Regular.ttf in Resources */ = {isa = PBXBuildFile; fileRef = FCD9F35B2AE2AEDB00B2C790 /* Montserrat-Regular.ttf */; };
		FC29E7D72AE81AB800A9E3B5 /* Montserrat-SemiBold.ttf in Resources */ = {isa = PBXBuildFile; fileRef = FCD9F35A2AE2AEDB00B2C790 /* Montserrat-SemiBold.ttf */; };
		FC29E7D82AE81ABC00A9E3B5 /* Montserrat.ttf in Resources */ = {isa = PBXBuildFile; fileRef = FCD9F3592AE2AEDB00B2C790 /* Montserrat.ttf */; };
		FC349D4F2AE96E2E007141FD /* BidsCoordinator.swift in Sources */ = {isa = PBXBuildFile; fileRef = FC349D4E2AE96E2E007141FD /* BidsCoordinator.swift */; };
		FC349D512AE97349007141FD /* BidModel.swift in Sources */ = {isa = PBXBuildFile; fileRef = FC349D502AE97349007141FD /* BidModel.swift */; };
		FC349D552AE978E5007141FD /* BidsTableViewCell.swift in Sources */ = {isa = PBXBuildFile; fileRef = FC349D542AE978E5007141FD /* BidsTableViewCell.swift */; };
		FC6D588E2AE6E506003B6896 /* SelectedCountry.swift in Sources */ = {isa = PBXBuildFile; fileRef = FC6D588D2AE6E506003B6896 /* SelectedCountry.swift */; };
		FC6D58912AE6E624003B6896 /* RealmService.swift in Sources */ = {isa = PBXBuildFile; fileRef = FC6D58902AE6E624003B6896 /* RealmService.swift */; };
		FC6D58932AE6E6E2003B6896 /* CurrencyUtility.swift in Sources */ = {isa = PBXBuildFile; fileRef = FC6D58922AE6E6E2003B6896 /* CurrencyUtility.swift */; };
		FC6D58952AE6E733003B6896 /* StringFormatter.swift in Sources */ = {isa = PBXBuildFile; fileRef = FC6D58942AE6E733003B6896 /* StringFormatter.swift */; };
		FC724AA22AEAB26D0061FD9D /* BidsViewController.swift in Sources */ = {isa = PBXBuildFile; fileRef = FC724AA12AEAB26D0061FD9D /* BidsViewController.swift */; };
		FC724AA52AEAB6520061FD9D /* BidViewModel.swift in Sources */ = {isa = PBXBuildFile; fileRef = FC724AA42AEAB6520061FD9D /* BidViewModel.swift */; };
		FCC942A92AE40FC1005CF7F1 /* NavigationBarView.swift in Sources */ = {isa = PBXBuildFile; fileRef = FCC942A82AE40FC1005CF7F1 /* NavigationBarView.swift */; };
		FCC942AC2AE41038005CF7F1 /* SetupNavBar.swift in Sources */ = {isa = PBXBuildFile; fileRef = FCC942AB2AE41038005CF7F1 /* SetupNavBar.swift */; };
		FCC942AE2AE4109E005CF7F1 /* ReusingSearchBar.swift in Sources */ = {isa = PBXBuildFile; fileRef = FCC942AD2AE4109E005CF7F1 /* ReusingSearchBar.swift */; };
		FCC942B02AE411A8005CF7F1 /* WalletModel.swift in Sources */ = {isa = PBXBuildFile; fileRef = FCC942AF2AE411A8005CF7F1 /* WalletModel.swift */; };
		FCC942B32AE411EB005CF7F1 /* Realm in Frameworks */ = {isa = PBXBuildFile; productRef = FCC942B22AE411EB005CF7F1 /* Realm */; };
		FCC942B52AE411EB005CF7F1 /* RealmSwift in Frameworks */ = {isa = PBXBuildFile; productRef = FCC942B42AE411EB005CF7F1 /* RealmSwift */; };
		FCC942B92AE433B8005CF7F1 /* WalletCoordinator.swift in Sources */ = {isa = PBXBuildFile; fileRef = FCC942B82AE433B8005CF7F1 /* WalletCoordinator.swift */; };
		FCC942BC2AE4344E005CF7F1 /* WalletViewController.swift in Sources */ = {isa = PBXBuildFile; fileRef = FCC942BB2AE4344E005CF7F1 /* WalletViewController.swift */; };
		FCC942BF2AE43486005CF7F1 /* WalletTableViewCell.swift in Sources */ = {isa = PBXBuildFile; fileRef = FCC942BE2AE43486005CF7F1 /* WalletTableViewCell.swift */; };
		FCD9F35F2AE2AFE300B2C790 /* UIColor.swift in Sources */ = {isa = PBXBuildFile; fileRef = FCD9F35E2AE2AFE300B2C790 /* UIColor.swift */; };
		FCD9F3612AE2B00600B2C790 /* Bundle-Decodable.swift in Sources */ = {isa = PBXBuildFile; fileRef = FCD9F3602AE2B00600B2C790 /* Bundle-Decodable.swift */; };
		FCD9F3652AE2B3EA00B2C790 /* CurrencyListCoordintor.swift in Sources */ = {isa = PBXBuildFile; fileRef = FCD9F3642AE2B3EA00B2C790 /* CurrencyListCoordintor.swift */; };
		FCD9F3682AE2B47300B2C790 /* CurrencyView.swift in Sources */ = {isa = PBXBuildFile; fileRef = FCD9F3672AE2B47300B2C790 /* CurrencyView.swift */; };
		FCD9F36A2AE2B4A900B2C790 /* CurrencyViewCell.swift in Sources */ = {isa = PBXBuildFile; fileRef = FCD9F3692AE2B4A900B2C790 /* CurrencyViewCell.swift */; };
		FCD9F36D2AE2B4DD00B2C790 /* SearchBar.swift in Sources */ = {isa = PBXBuildFile; fileRef = FCD9F36C2AE2B4DD00B2C790 /* SearchBar.swift */; };
		FCD9F3702AE2EEFF00B2C790 /* CurrencyListViewModel.swift in Sources */ = {isa = PBXBuildFile; fileRef = FCD9F36F2AE2EEFF00B2C790 /* CurrencyListViewModel.swift */; };
		FCD9F3732AE2FCD800B2C790 /* NetworkError.swift in Sources */ = {isa = PBXBuildFile; fileRef = FCD9F3722AE2FCD800B2C790 /* NetworkError.swift */; };
		FCD9F3752AE2FCF700B2C790 /* NetworkService.swift in Sources */ = {isa = PBXBuildFile; fileRef = FCD9F3742AE2FCF700B2C790 /* NetworkService.swift */; };
		FCD9F3772AE2FD5200B2C790 /* Endpoint.swift in Sources */ = {isa = PBXBuildFile; fileRef = FCD9F3762AE2FD5200B2C790 /* Endpoint.swift */; };
		FCD9F37A2AE2FD8500B2C790 /* CurrencyListModel.swift in Sources */ = {isa = PBXBuildFile; fileRef = FCD9F3792AE2FD8500B2C790 /* CurrencyListModel.swift */; };
		FCD9F37D2AE2FE9300B2C790 /* CountryCurrenciesModel.swift in Sources */ = {isa = PBXBuildFile; fileRef = FCD9F37C2AE2FE9300B2C790 /* CountryCurrenciesModel.swift */; };
		FCD9F37F2AE2FECF00B2C790 /* CountryCurrenciesManager.swift in Sources */ = {isa = PBXBuildFile; fileRef = FCD9F37E2AE2FECF00B2C790 /* CountryCurrenciesManager.swift */; };
		FCD9F3812AE3000C00B2C790 /* CountryCurrencies.json in Resources */ = {isa = PBXBuildFile; fileRef = FCD9F3802AE3000C00B2C790 /* CountryCurrencies.json */; };
		FCEA684C2AE5436400DB1240 /* WalletViewModel.swift in Sources */ = {isa = PBXBuildFile; fileRef = FCEA684B2AE5436400DB1240 /* WalletViewModel.swift */; };
		FCEF99C82AF1855900050419 /* SettingViewController.swift in Sources */ = {isa = PBXBuildFile; fileRef = FCEF99C72AF1855900050419 /* SettingViewController.swift */; };
		FCF5A6152AED07EB003297AE /* AddBidViewController.swift in Sources */ = {isa = PBXBuildFile; fileRef = FCF5A6142AED07EA003297AE /* AddBidViewController.swift */; };
		FCF5BB372AE1653800BA6F6B /* AppDelegate.swift in Sources */ = {isa = PBXBuildFile; fileRef = FCF5BB362AE1653800BA6F6B /* AppDelegate.swift */; };
		FCF5BB392AE1653800BA6F6B /* SceneDelegate.swift in Sources */ = {isa = PBXBuildFile; fileRef = FCF5BB382AE1653800BA6F6B /* SceneDelegate.swift */; };
		FCF5BB402AE1653B00BA6F6B /* Assets.xcassets in Resources */ = {isa = PBXBuildFile; fileRef = FCF5BB3F2AE1653B00BA6F6B /* Assets.xcassets */; };
		FCF5BB432AE1653B00BA6F6B /* LaunchScreen.storyboard in Resources */ = {isa = PBXBuildFile; fileRef = FCF5BB412AE1653B00BA6F6B /* LaunchScreen.storyboard */; };
		FCF5BB4E2AE1668E00BA6F6B /* Coordinator.swift in Sources */ = {isa = PBXBuildFile; fileRef = FCF5BB4D2AE1668E00BA6F6B /* Coordinator.swift */; };
		FCF5BB502AE1689F00BA6F6B /* AppCoordinator.swift in Sources */ = {isa = PBXBuildFile; fileRef = FCF5BB4F2AE1689F00BA6F6B /* AppCoordinator.swift */; };
		FCF5BB532AE16A7C00BA6F6B /* TabBarItem.swift in Sources */ = {isa = PBXBuildFile; fileRef = FCF5BB522AE16A7C00BA6F6B /* TabBarItem.swift */; };
		FCF5BB552AE16B3900BA6F6B /* TabBarController.swift in Sources */ = {isa = PBXBuildFile; fileRef = FCF5BB542AE16B3900BA6F6B /* TabBarController.swift */; };
		FCF5BB572AE16C2F00BA6F6B /* TabBarCoordinator.swift in Sources */ = {isa = PBXBuildFile; fileRef = FCF5BB562AE16C2F00BA6F6B /* TabBarCoordinator.swift */; };
/* End PBXBuildFile section */

/* Begin PBXFileReference section */
		FC14CA882AF145550099DDF0 /* SettingTableViewCell.swift */ = {isa = PBXFileReference; lastKnownFileType = sourcecode.swift; path = SettingTableViewCell.swift; sourceTree = "<group>"; };
		FC17E3752AF0087600DB0472 /* SettingCoordinator.swift */ = {isa = PBXFileReference; lastKnownFileType = sourcecode.swift; path = SettingCoordinator.swift; sourceTree = "<group>"; };
		FC17E3792AF00A7F00DB0472 /* SettingScreenViewModel.swift */ = {isa = PBXFileReference; lastKnownFileType = sourcecode.swift; path = SettingScreenViewModel.swift; sourceTree = "<group>"; };
		FC1F0F9C2AEE624500AB5EDE /* CellSeparator.swift */ = {isa = PBXFileReference; lastKnownFileType = sourcecode.swift; path = CellSeparator.swift; sourceTree = "<group>"; };
		FC29E7CF2AE7BAE700A9E3B5 /* AddCurrencyViewController.swift */ = {isa = PBXFileReference; lastKnownFileType = sourcecode.swift; path = AddCurrencyViewController.swift; sourceTree = "<group>"; };
		FC29E7D12AE7BDDB00A9E3B5 /* SelectCountryTableViewCell.swift */ = {isa = PBXFileReference; lastKnownFileType = sourcecode.swift; path = SelectCountryTableViewCell.swift; sourceTree = "<group>"; };
		FC29E7D32AE7CAF300A9E3B5 /* SelectCountryViewController.swift */ = {isa = PBXFileReference; lastKnownFileType = sourcecode.swift; path = SelectCountryViewController.swift; sourceTree = "<group>"; };
		FC349D4E2AE96E2E007141FD /* BidsCoordinator.swift */ = {isa = PBXFileReference; lastKnownFileType = sourcecode.swift; path = BidsCoordinator.swift; sourceTree = "<group>"; };
		FC349D502AE97349007141FD /* BidModel.swift */ = {isa = PBXFileReference; lastKnownFileType = sourcecode.swift; path = BidModel.swift; sourceTree = "<group>"; };
		FC349D542AE978E5007141FD /* BidsTableViewCell.swift */ = {isa = PBXFileReference; lastKnownFileType = sourcecode.swift; path = BidsTableViewCell.swift; sourceTree = "<group>"; };
		FC6D588D2AE6E506003B6896 /* SelectedCountry.swift */ = {isa = PBXFileReference; lastKnownFileType = sourcecode.swift; path = SelectedCountry.swift; sourceTree = "<group>"; };
		FC6D58902AE6E624003B6896 /* RealmService.swift */ = {isa = PBXFileReference; lastKnownFileType = sourcecode.swift; path = RealmService.swift; sourceTree = "<group>"; };
		FC6D58922AE6E6E2003B6896 /* CurrencyUtility.swift */ = {isa = PBXFileReference; lastKnownFileType = sourcecode.swift; path = CurrencyUtility.swift; sourceTree = "<group>"; };
		FC6D58942AE6E733003B6896 /* StringFormatter.swift */ = {isa = PBXFileReference; lastKnownFileType = sourcecode.swift; path = StringFormatter.swift; sourceTree = "<group>"; };
		FC724AA12AEAB26D0061FD9D /* BidsViewController.swift */ = {isa = PBXFileReference; lastKnownFileType = sourcecode.swift; path = BidsViewController.swift; sourceTree = "<group>"; };
		FC724AA42AEAB6520061FD9D /* BidViewModel.swift */ = {isa = PBXFileReference; lastKnownFileType = sourcecode.swift; path = BidViewModel.swift; sourceTree = "<group>"; };
		FCC942A82AE40FC1005CF7F1 /* NavigationBarView.swift */ = {isa = PBXFileReference; lastKnownFileType = sourcecode.swift; path = NavigationBarView.swift; sourceTree = "<group>"; };
		FCC942AB2AE41038005CF7F1 /* SetupNavBar.swift */ = {isa = PBXFileReference; lastKnownFileType = sourcecode.swift; path = SetupNavBar.swift; sourceTree = "<group>"; };
		FCC942AD2AE4109E005CF7F1 /* ReusingSearchBar.swift */ = {isa = PBXFileReference; lastKnownFileType = sourcecode.swift; path = ReusingSearchBar.swift; sourceTree = "<group>"; };
		FCC942AF2AE411A8005CF7F1 /* WalletModel.swift */ = {isa = PBXFileReference; lastKnownFileType = sourcecode.swift; path = WalletModel.swift; sourceTree = "<group>"; };
		FCC942B82AE433B8005CF7F1 /* WalletCoordinator.swift */ = {isa = PBXFileReference; lastKnownFileType = sourcecode.swift; path = WalletCoordinator.swift; sourceTree = "<group>"; };
		FCC942BB2AE4344E005CF7F1 /* WalletViewController.swift */ = {isa = PBXFileReference; lastKnownFileType = sourcecode.swift; path = WalletViewController.swift; sourceTree = "<group>"; };
		FCC942BE2AE43486005CF7F1 /* WalletTableViewCell.swift */ = {isa = PBXFileReference; lastKnownFileType = sourcecode.swift; path = WalletTableViewCell.swift; sourceTree = "<group>"; };
		FCD9F3592AE2AEDB00B2C790 /* Montserrat.ttf */ = {isa = PBXFileReference; lastKnownFileType = file; path = Montserrat.ttf; sourceTree = "<group>"; };
		FCD9F35A2AE2AEDB00B2C790 /* Montserrat-SemiBold.ttf */ = {isa = PBXFileReference; lastKnownFileType = file; path = "Montserrat-SemiBold.ttf"; sourceTree = "<group>"; };
		FCD9F35B2AE2AEDB00B2C790 /* Montserrat-Regular.ttf */ = {isa = PBXFileReference; lastKnownFileType = file; path = "Montserrat-Regular.ttf"; sourceTree = "<group>"; };
		FCD9F35C2AE2AEDB00B2C790 /* Inter-Medium.otf */ = {isa = PBXFileReference; lastKnownFileType = file; path = "Inter-Medium.otf"; sourceTree = "<group>"; };
		FCD9F35E2AE2AFE300B2C790 /* UIColor.swift */ = {isa = PBXFileReference; lastKnownFileType = sourcecode.swift; path = UIColor.swift; sourceTree = "<group>"; };
		FCD9F3602AE2B00600B2C790 /* Bundle-Decodable.swift */ = {isa = PBXFileReference; lastKnownFileType = sourcecode.swift; path = "Bundle-Decodable.swift"; sourceTree = "<group>"; };
		FCD9F3642AE2B3EA00B2C790 /* CurrencyListCoordintor.swift */ = {isa = PBXFileReference; lastKnownFileType = sourcecode.swift; path = CurrencyListCoordintor.swift; sourceTree = "<group>"; };
		FCD9F3672AE2B47300B2C790 /* CurrencyView.swift */ = {isa = PBXFileReference; lastKnownFileType = sourcecode.swift; path = CurrencyView.swift; sourceTree = "<group>"; };
		FCD9F3692AE2B4A900B2C790 /* CurrencyViewCell.swift */ = {isa = PBXFileReference; lastKnownFileType = sourcecode.swift; path = CurrencyViewCell.swift; sourceTree = "<group>"; };
		FCD9F36C2AE2B4DD00B2C790 /* SearchBar.swift */ = {isa = PBXFileReference; lastKnownFileType = sourcecode.swift; path = SearchBar.swift; sourceTree = "<group>"; };
		FCD9F36F2AE2EEFF00B2C790 /* CurrencyListViewModel.swift */ = {isa = PBXFileReference; lastKnownFileType = sourcecode.swift; path = CurrencyListViewModel.swift; sourceTree = "<group>"; };
		FCD9F3722AE2FCD800B2C790 /* NetworkError.swift */ = {isa = PBXFileReference; lastKnownFileType = sourcecode.swift; path = NetworkError.swift; sourceTree = "<group>"; };
		FCD9F3742AE2FCF700B2C790 /* NetworkService.swift */ = {isa = PBXFileReference; lastKnownFileType = sourcecode.swift; path = NetworkService.swift; sourceTree = "<group>"; };
		FCD9F3762AE2FD5200B2C790 /* Endpoint.swift */ = {isa = PBXFileReference; lastKnownFileType = sourcecode.swift; path = Endpoint.swift; sourceTree = "<group>"; };
		FCD9F3792AE2FD8500B2C790 /* CurrencyListModel.swift */ = {isa = PBXFileReference; lastKnownFileType = sourcecode.swift; path = CurrencyListModel.swift; sourceTree = "<group>"; };
		FCD9F37C2AE2FE9300B2C790 /* CountryCurrenciesModel.swift */ = {isa = PBXFileReference; lastKnownFileType = sourcecode.swift; path = CountryCurrenciesModel.swift; sourceTree = "<group>"; };
		FCD9F37E2AE2FECF00B2C790 /* CountryCurrenciesManager.swift */ = {isa = PBXFileReference; lastKnownFileType = sourcecode.swift; path = CountryCurrenciesManager.swift; sourceTree = "<group>"; };
		FCD9F3802AE3000C00B2C790 /* CountryCurrencies.json */ = {isa = PBXFileReference; fileEncoding = 4; lastKnownFileType = text.json; path = CountryCurrencies.json; sourceTree = "<group>"; };
		FCEA684B2AE5436400DB1240 /* WalletViewModel.swift */ = {isa = PBXFileReference; lastKnownFileType = sourcecode.swift; path = WalletViewModel.swift; sourceTree = "<group>"; };
		FCEF99C72AF1855900050419 /* SettingViewController.swift */ = {isa = PBXFileReference; lastKnownFileType = sourcecode.swift; path = SettingViewController.swift; sourceTree = "<group>"; };
		FCF5A6142AED07EA003297AE /* AddBidViewController.swift */ = {isa = PBXFileReference; lastKnownFileType = sourcecode.swift; path = AddBidViewController.swift; sourceTree = "<group>"; };
		FCF5BB332AE1653800BA6F6B /* CurrencyConverterApp.app */ = {isa = PBXFileReference; explicitFileType = wrapper.application; includeInIndex = 0; path = CurrencyConverterApp.app; sourceTree = BUILT_PRODUCTS_DIR; };
		FCF5BB362AE1653800BA6F6B /* AppDelegate.swift */ = {isa = PBXFileReference; lastKnownFileType = sourcecode.swift; path = AppDelegate.swift; sourceTree = "<group>"; };
		FCF5BB382AE1653800BA6F6B /* SceneDelegate.swift */ = {isa = PBXFileReference; lastKnownFileType = sourcecode.swift; path = SceneDelegate.swift; sourceTree = "<group>"; };
		FCF5BB3F2AE1653B00BA6F6B /* Assets.xcassets */ = {isa = PBXFileReference; lastKnownFileType = folder.assetcatalog; path = Assets.xcassets; sourceTree = "<group>"; };
		FCF5BB422AE1653B00BA6F6B /* Base */ = {isa = PBXFileReference; lastKnownFileType = file.storyboard; name = Base; path = Base.lproj/LaunchScreen.storyboard; sourceTree = "<group>"; };
		FCF5BB442AE1653B00BA6F6B /* Info.plist */ = {isa = PBXFileReference; lastKnownFileType = text.plist.xml; path = Info.plist; sourceTree = "<group>"; };
		FCF5BB4D2AE1668E00BA6F6B /* Coordinator.swift */ = {isa = PBXFileReference; lastKnownFileType = sourcecode.swift; path = Coordinator.swift; sourceTree = "<group>"; };
		FCF5BB4F2AE1689F00BA6F6B /* AppCoordinator.swift */ = {isa = PBXFileReference; lastKnownFileType = sourcecode.swift; path = AppCoordinator.swift; sourceTree = "<group>"; };
		FCF5BB522AE16A7C00BA6F6B /* TabBarItem.swift */ = {isa = PBXFileReference; lastKnownFileType = sourcecode.swift; path = TabBarItem.swift; sourceTree = "<group>"; };
		FCF5BB542AE16B3900BA6F6B /* TabBarController.swift */ = {isa = PBXFileReference; lastKnownFileType = sourcecode.swift; path = TabBarController.swift; sourceTree = "<group>"; };
		FCF5BB562AE16C2F00BA6F6B /* TabBarCoordinator.swift */ = {isa = PBXFileReference; lastKnownFileType = sourcecode.swift; path = TabBarCoordinator.swift; sourceTree = "<group>"; };
/* End PBXFileReference section */

/* Begin PBXFrameworksBuildPhase section */
		FCF5BB302AE1653800BA6F6B /* Frameworks */ = {
			isa = PBXFrameworksBuildPhase;
			buildActionMask = 2147483647;
			files = (
				FCC942B52AE411EB005CF7F1 /* RealmSwift in Frameworks */,
				FCC942B32AE411EB005CF7F1 /* Realm in Frameworks */,
			);
			runOnlyForDeploymentPostprocessing = 0;
		};
/* End PBXFrameworksBuildPhase section */

/* Begin PBXGroup section */
		FC14CA872AF1452E0099DDF0 /* Cell */ = {
			isa = PBXGroup;
			children = (
				FC14CA882AF145550099DDF0 /* SettingTableViewCell.swift */,
			);
			path = Cell;
			sourceTree = "<group>";
		};
		FC17E3732AF0084E00DB0472 /* SettingScreen */ = {
			isa = PBXGroup;
			children = (
				FC17E3742AF0086600DB0472 /* SettingCoordinator */,
				FC17E3772AF0093300DB0472 /* View */,
				FC14CA872AF1452E0099DDF0 /* Cell */,
				FC17E3782AF00A6800DB0472 /* ViewModel */,
			);
			path = SettingScreen;
			sourceTree = "<group>";
		};
		FC17E3742AF0086600DB0472 /* SettingCoordinator */ = {
			isa = PBXGroup;
			children = (
				FC17E3752AF0087600DB0472 /* SettingCoordinator.swift */,
			);
			path = SettingCoordinator;
			sourceTree = "<group>";
		};
		FC17E3772AF0093300DB0472 /* View */ = {
			isa = PBXGroup;
			children = (
				FCEF99C72AF1855900050419 /* SettingViewController.swift */,
			);
			path = View;
			sourceTree = "<group>";
		};
		FC17E3782AF00A6800DB0472 /* ViewModel */ = {
			isa = PBXGroup;
			children = (
				FC17E3792AF00A7F00DB0472 /* SettingScreenViewModel.swift */,
			);
			path = ViewModel;
			sourceTree = "<group>";
		};
		FC349D4C2AE96DF5007141FD /* Bids */ = {
			isa = PBXGroup;
			children = (
				FC349D4D2AE96E0D007141FD /* BidsCoordinator */,
				FC349D522AE978B1007141FD /* View */,
				FC349D532AE978C6007141FD /* Cell */,
				FC724AA32AEAB63B0061FD9D /* ViewModel */,
			);
			path = Bids;
			sourceTree = "<group>";
		};
		FC349D4D2AE96E0D007141FD /* BidsCoordinator */ = {
			isa = PBXGroup;
			children = (
				FC349D4E2AE96E2E007141FD /* BidsCoordinator.swift */,
			);
			path = BidsCoordinator;
			sourceTree = "<group>";
		};
		FC349D522AE978B1007141FD /* View */ = {
			isa = PBXGroup;
			children = (
				FC724AA12AEAB26D0061FD9D /* BidsViewController.swift */,
				FCF5A6142AED07EA003297AE /* AddBidViewController.swift */,
			);
			path = View;
			sourceTree = "<group>";
		};
		FC349D532AE978C6007141FD /* Cell */ = {
			isa = PBXGroup;
			children = (
				FC349D542AE978E5007141FD /* BidsTableViewCell.swift */,
			);
			path = Cell;
			sourceTree = "<group>";
		};
		FC6D588F2AE6E5F1003B6896 /* RealmService */ = {
			isa = PBXGroup;
			children = (
				FC6D58902AE6E624003B6896 /* RealmService.swift */,
			);
			path = RealmService;
			sourceTree = "<group>";
		};
		FC724AA32AEAB63B0061FD9D /* ViewModel */ = {
			isa = PBXGroup;
			children = (
				FC724AA42AEAB6520061FD9D /* BidViewModel.swift */,
			);
			path = ViewModel;
			sourceTree = "<group>";
		};
		FCC942AA2AE4101C005CF7F1 /* CustomComponents */ = {
			isa = PBXGroup;
			children = (
				FCC942AB2AE41038005CF7F1 /* SetupNavBar.swift */,
				FCC942AD2AE4109E005CF7F1 /* ReusingSearchBar.swift */,
				FC6D588D2AE6E506003B6896 /* SelectedCountry.swift */,
			);
			path = CustomComponents;
			sourceTree = "<group>";
		};
		FCC942B62AE43390005CF7F1 /* Wallet */ = {
			isa = PBXGroup;
			children = (
				FCC942B72AE433A1005CF7F1 /* WalletCoordinator */,
				FCC942BA2AE4342C005CF7F1 /* View */,
				FCC942BD2AE4346F005CF7F1 /* Cell */,
				FCEA684A2AE5435100DB1240 /* ViewModel */,
			);
			path = Wallet;
			sourceTree = "<group>";
		};
		FCC942B72AE433A1005CF7F1 /* WalletCoordinator */ = {
			isa = PBXGroup;
			children = (
				FCC942B82AE433B8005CF7F1 /* WalletCoordinator.swift */,
			);
			path = WalletCoordinator;
			sourceTree = "<group>";
		};
		FCC942BA2AE4342C005CF7F1 /* View */ = {
			isa = PBXGroup;
			children = (
				FCC942BB2AE4344E005CF7F1 /* WalletViewController.swift */,
				FC29E7CF2AE7BAE700A9E3B5 /* AddCurrencyViewController.swift */,
				FC29E7D32AE7CAF300A9E3B5 /* SelectCountryViewController.swift */,
			);
			path = View;
			sourceTree = "<group>";
		};
		FCC942BD2AE4346F005CF7F1 /* Cell */ = {
			isa = PBXGroup;
			children = (
				FCC942BE2AE43486005CF7F1 /* WalletTableViewCell.swift */,
				FC29E7D12AE7BDDB00A9E3B5 /* SelectCountryTableViewCell.swift */,
			);
			path = Cell;
			sourceTree = "<group>";
		};
		FCD9F3582AE2AEBB00B2C790 /* Fonts */ = {
			isa = PBXGroup;
			children = (
				FCD9F35C2AE2AEDB00B2C790 /* Inter-Medium.otf */,
				FCD9F35B2AE2AEDB00B2C790 /* Montserrat-Regular.ttf */,
				FCD9F35A2AE2AEDB00B2C790 /* Montserrat-SemiBold.ttf */,
				FCD9F3592AE2AEDB00B2C790 /* Montserrat.ttf */,
			);
			path = Fonts;
			sourceTree = "<group>";
		};
		FCD9F35D2AE2AF9900B2C790 /* Extensions */ = {
			isa = PBXGroup;
			children = (
				FCD9F35E2AE2AFE300B2C790 /* UIColor.swift */,
				FCD9F3602AE2B00600B2C790 /* Bundle-Decodable.swift */,
				FC6D58922AE6E6E2003B6896 /* CurrencyUtility.swift */,
				FC6D58942AE6E733003B6896 /* StringFormatter.swift */,
				FC1F0F9C2AEE624500AB5EDE /* CellSeparator.swift */,
			);
			path = Extensions;
			sourceTree = "<group>";
		};
		FCD9F3622AE2B0D000B2C790 /* CurrencyList */ = {
			isa = PBXGroup;
			children = (
				FCD9F3632AE2B3D500B2C790 /* CurrencyListCoordinator */,
				FCD9F3662AE2B45400B2C790 /* View */,
				FCD9F36E2AE2EEE400B2C790 /* ViewModel */,
			);
			path = CurrencyList;
			sourceTree = "<group>";
		};
		FCD9F3632AE2B3D500B2C790 /* CurrencyListCoordinator */ = {
			isa = PBXGroup;
			children = (
				FCD9F3642AE2B3EA00B2C790 /* CurrencyListCoordintor.swift */,
			);
			path = CurrencyListCoordinator;
			sourceTree = "<group>";
		};
		FCD9F3662AE2B45400B2C790 /* View */ = {
			isa = PBXGroup;
			children = (
				FCD9F3672AE2B47300B2C790 /* CurrencyView.swift */,
				FCD9F3692AE2B4A900B2C790 /* CurrencyViewCell.swift */,
				FCD9F36C2AE2B4DD00B2C790 /* SearchBar.swift */,
				FCC942A82AE40FC1005CF7F1 /* NavigationBarView.swift */,
			);
			path = View;
			sourceTree = "<group>";
		};
		FCD9F36E2AE2EEE400B2C790 /* ViewModel */ = {
			isa = PBXGroup;
			children = (
				FCD9F36F2AE2EEFF00B2C790 /* CurrencyListViewModel.swift */,
			);
			path = ViewModel;
			sourceTree = "<group>";
		};
		FCD9F3712AE2FCBD00B2C790 /* NetworkService */ = {
			isa = PBXGroup;
			children = (
				FCD9F3722AE2FCD800B2C790 /* NetworkError.swift */,
				FCD9F3742AE2FCF700B2C790 /* NetworkService.swift */,
				FCD9F3762AE2FD5200B2C790 /* Endpoint.swift */,
			);
			path = NetworkService;
			sourceTree = "<group>";
		};
		FCD9F3782AE2FD7200B2C790 /* Model */ = {
			isa = PBXGroup;
			children = (
				FCD9F3792AE2FD8500B2C790 /* CurrencyListModel.swift */,
				FCC942AF2AE411A8005CF7F1 /* WalletModel.swift */,
				FC349D502AE97349007141FD /* BidModel.swift */,
			);
			path = Model;
			sourceTree = "<group>";
		};
		FCD9F37B2AE2FE7000B2C790 /* CountryCurrencies */ = {
			isa = PBXGroup;
			children = (
				FCD9F37C2AE2FE9300B2C790 /* CountryCurrenciesModel.swift */,
				FCD9F37E2AE2FECF00B2C790 /* CountryCurrenciesManager.swift */,
			);
			path = CountryCurrencies;
			sourceTree = "<group>";
		};
		FCEA684A2AE5435100DB1240 /* ViewModel */ = {
			isa = PBXGroup;
			children = (
				FCEA684B2AE5436400DB1240 /* WalletViewModel.swift */,
			);
			path = ViewModel;
			sourceTree = "<group>";
		};
		FCF5BB2A2AE1653800BA6F6B = {
			isa = PBXGroup;
			children = (
				FCF5BB352AE1653800BA6F6B /* CurrencyConverterApp */,
				FCF5BB342AE1653800BA6F6B /* Products */,
			);
			sourceTree = "<group>";
		};
		FCF5BB342AE1653800BA6F6B /* Products */ = {
			isa = PBXGroup;
			children = (
				FCF5BB332AE1653800BA6F6B /* CurrencyConverterApp.app */,
			);
			name = Products;
			sourceTree = "<group>";
		};
		FCF5BB352AE1653800BA6F6B /* CurrencyConverterApp */ = {
			isa = PBXGroup;
			children = (
				FC17E3732AF0084E00DB0472 /* SettingScreen */,
				FC349D4C2AE96DF5007141FD /* Bids */,
				FCC942B62AE43390005CF7F1 /* Wallet */,
				FCD9F3622AE2B0D000B2C790 /* CurrencyList */,
				FCF5BB512AE169CA00BA6F6B /* TabBar */,
				FCD9F3712AE2FCBD00B2C790 /* NetworkService */,
				FC6D588F2AE6E5F1003B6896 /* RealmService */,
				FCD9F3782AE2FD7200B2C790 /* Model */,
				FCD9F37B2AE2FE7000B2C790 /* CountryCurrencies */,
				FCC942AA2AE4101C005CF7F1 /* CustomComponents */,
				FCF5BB4C2AE1667800BA6F6B /* Coordinator */,
				FCD9F35D2AE2AF9900B2C790 /* Extensions */,
				FCF5BB4A2AE1654900BA6F6B /* Application */,
				FCD9F3582AE2AEBB00B2C790 /* Fonts */,
				FCF5BB4B2AE1657500BA6F6B /* Resources */,
			);
			path = CurrencyConverterApp;
			sourceTree = "<group>";
		};
		FCF5BB4A2AE1654900BA6F6B /* Application */ = {
			isa = PBXGroup;
			children = (
				FCF5BB382AE1653800BA6F6B /* SceneDelegate.swift */,
				FCF5BB362AE1653800BA6F6B /* AppDelegate.swift */,
				FCF5BB4F2AE1689F00BA6F6B /* AppCoordinator.swift */,
			);
			path = Application;
			sourceTree = "<group>";
		};
		FCF5BB4B2AE1657500BA6F6B /* Resources */ = {
			isa = PBXGroup;
			children = (
				FCD9F3802AE3000C00B2C790 /* CountryCurrencies.json */,
				FCF5BB442AE1653B00BA6F6B /* Info.plist */,
				FCF5BB412AE1653B00BA6F6B /* LaunchScreen.storyboard */,
				FCF5BB3F2AE1653B00BA6F6B /* Assets.xcassets */,
			);
			path = Resources;
			sourceTree = "<group>";
		};
		FCF5BB4C2AE1667800BA6F6B /* Coordinator */ = {
			isa = PBXGroup;
			children = (
				FCF5BB4D2AE1668E00BA6F6B /* Coordinator.swift */,
			);
			path = Coordinator;
			sourceTree = "<group>";
		};
		FCF5BB512AE169CA00BA6F6B /* TabBar */ = {
			isa = PBXGroup;
			children = (
				FCF5BB562AE16C2F00BA6F6B /* TabBarCoordinator.swift */,
				FCF5BB542AE16B3900BA6F6B /* TabBarController.swift */,
				FCF5BB522AE16A7C00BA6F6B /* TabBarItem.swift */,
			);
			path = TabBar;
			sourceTree = "<group>";
		};
/* End PBXGroup section */

/* Begin PBXNativeTarget section */
		FCF5BB322AE1653800BA6F6B /* CurrencyConverterApp */ = {
			isa = PBXNativeTarget;
			buildConfigurationList = FCF5BB472AE1653B00BA6F6B /* Build configuration list for PBXNativeTarget "CurrencyConverterApp" */;
			buildPhases = (
				FCF5BB2F2AE1653800BA6F6B /* Sources */,
				FCF5BB302AE1653800BA6F6B /* Frameworks */,
				FCF5BB312AE1653800BA6F6B /* Resources */,
			);
			buildRules = (
			);
			dependencies = (
			);
			name = CurrencyConverterApp;
			packageProductDependencies = (
				FCC942B22AE411EB005CF7F1 /* Realm */,
				FCC942B42AE411EB005CF7F1 /* RealmSwift */,
			);
			productName = CurrencyConverterApp;
			productReference = FCF5BB332AE1653800BA6F6B /* CurrencyConverterApp.app */;
			productType = "com.apple.product-type.application";
		};
/* End PBXNativeTarget section */

/* Begin PBXProject section */
		FCF5BB2B2AE1653800BA6F6B /* Project object */ = {
			isa = PBXProject;
			attributes = {
				BuildIndependentTargetsInParallel = 1;
				LastSwiftUpdateCheck = 1430;
				LastUpgradeCheck = 1500;
				TargetAttributes = {
					FCF5BB322AE1653800BA6F6B = {
						CreatedOnToolsVersion = 14.3;
					};
				};
			};
			buildConfigurationList = FCF5BB2E2AE1653800BA6F6B /* Build configuration list for PBXProject "CurrencyConverterApp" */;
			compatibilityVersion = "Xcode 14.0";
			developmentRegion = en;
			hasScannedForEncodings = 0;
			knownRegions = (
				en,
				Base,
			);
			mainGroup = FCF5BB2A2AE1653800BA6F6B;
			packageReferences = (
				FCC942B12AE411EB005CF7F1 /* XCRemoteSwiftPackageReference "realm-swift" */,
			);
			productRefGroup = FCF5BB342AE1653800BA6F6B /* Products */;
			projectDirPath = "";
			projectRoot = "";
			targets = (
				FCF5BB322AE1653800BA6F6B /* CurrencyConverterApp */,
			);
		};
/* End PBXProject section */

/* Begin PBXResourcesBuildPhase section */
		FCF5BB312AE1653800BA6F6B /* Resources */ = {
			isa = PBXResourcesBuildPhase;
			buildActionMask = 2147483647;
			files = (
				FC29E7D72AE81AB800A9E3B5 /* Montserrat-SemiBold.ttf in Resources */,
				FCF5BB432AE1653B00BA6F6B /* LaunchScreen.storyboard in Resources */,
				FCF5BB402AE1653B00BA6F6B /* Assets.xcassets in Resources */,
				FCD9F3812AE3000C00B2C790 /* CountryCurrencies.json in Resources */,
				FC29E7D82AE81ABC00A9E3B5 /* Montserrat.ttf in Resources */,
				FC29E7D62AE81AB400A9E3B5 /* Montserrat-Regular.ttf in Resources */,
				FC29E7D52AE81AAC00A9E3B5 /* Inter-Medium.otf in Resources */,
			);
			runOnlyForDeploymentPostprocessing = 0;
		};
/* End PBXResourcesBuildPhase section */

/* Begin PBXSourcesBuildPhase section */
		FCF5BB2F2AE1653800BA6F6B /* Sources */ = {
			isa = PBXSourcesBuildPhase;
			buildActionMask = 2147483647;
			files = (
				FCD9F36D2AE2B4DD00B2C790 /* SearchBar.swift in Sources */,
				FCF5BB502AE1689F00BA6F6B /* AppCoordinator.swift in Sources */,
				FCD9F3652AE2B3EA00B2C790 /* CurrencyListCoordintor.swift in Sources */,
				FCC942AE2AE4109E005CF7F1 /* ReusingSearchBar.swift in Sources */,
				FCF5BB372AE1653800BA6F6B /* AppDelegate.swift in Sources */,
				FCF5BB532AE16A7C00BA6F6B /* TabBarItem.swift in Sources */,
				FCC942A92AE40FC1005CF7F1 /* NavigationBarView.swift in Sources */,
				FCF5BB572AE16C2F00BA6F6B /* TabBarCoordinator.swift in Sources */,
				FC29E7D22AE7BDDB00A9E3B5 /* SelectCountryTableViewCell.swift in Sources */,
				FCD9F37A2AE2FD8500B2C790 /* CurrencyListModel.swift in Sources */,
				FC349D512AE97349007141FD /* BidModel.swift in Sources */,
				FCF5BB552AE16B3900BA6F6B /* TabBarController.swift in Sources */,
				FCC942AC2AE41038005CF7F1 /* SetupNavBar.swift in Sources */,
				FC17E37A2AF00A7F00DB0472 /* SettingScreenViewModel.swift in Sources */,
				FC6D588E2AE6E506003B6896 /* SelectedCountry.swift in Sources */,
				FCD9F3682AE2B47300B2C790 /* CurrencyView.swift in Sources */,
				FCD9F3612AE2B00600B2C790 /* Bundle-Decodable.swift in Sources */,
				FC724AA52AEAB6520061FD9D /* BidViewModel.swift in Sources */,
				FCEA684C2AE5436400DB1240 /* WalletViewModel.swift in Sources */,
				FC349D552AE978E5007141FD /* BidsTableViewCell.swift in Sources */,
				FC29E7D02AE7BAE700A9E3B5 /* AddCurrencyViewController.swift in Sources */,
				FC14CA892AF145550099DDF0 /* SettingTableViewCell.swift in Sources */,
				FCF5A6152AED07EB003297AE /* AddBidViewController.swift in Sources */,
				FCD9F3732AE2FCD800B2C790 /* NetworkError.swift in Sources */,
				FCD9F3752AE2FCF700B2C790 /* NetworkService.swift in Sources */,
				FCC942BF2AE43486005CF7F1 /* WalletTableViewCell.swift in Sources */,
				FCD9F35F2AE2AFE300B2C790 /* UIColor.swift in Sources */,
				FC6D58912AE6E624003B6896 /* RealmService.swift in Sources */,
				FCF5BB392AE1653800BA6F6B /* SceneDelegate.swift in Sources */,
				FCC942BC2AE4344E005CF7F1 /* WalletViewController.swift in Sources */,
				FCD9F37D2AE2FE9300B2C790 /* CountryCurrenciesModel.swift in Sources */,
				FCD9F37F2AE2FECF00B2C790 /* CountryCurrenciesManager.swift in Sources */,
				FCF5BB4E2AE1668E00BA6F6B /* Coordinator.swift in Sources */,
				FCD9F36A2AE2B4A900B2C790 /* CurrencyViewCell.swift in Sources */,
				FC17E3762AF0087600DB0472 /* SettingCoordinator.swift in Sources */,
				FC6D58932AE6E6E2003B6896 /* CurrencyUtility.swift in Sources */,
				FC724AA22AEAB26D0061FD9D /* BidsViewController.swift in Sources */,
				FC6D58952AE6E733003B6896 /* StringFormatter.swift in Sources */,
				FC349D4F2AE96E2E007141FD /* BidsCoordinator.swift in Sources */,
				FCD9F3772AE2FD5200B2C790 /* Endpoint.swift in Sources */,
				FCC942B02AE411A8005CF7F1 /* WalletModel.swift in Sources */,
				FCEF99C82AF1855900050419 /* SettingViewController.swift in Sources */,
				FCD9F3702AE2EEFF00B2C790 /* CurrencyListViewModel.swift in Sources */,
				FCC942B92AE433B8005CF7F1 /* WalletCoordinator.swift in Sources */,
				FC29E7D42AE7CAF300A9E3B5 /* SelectCountryViewController.swift in Sources */,
				FC1F0F9D2AEE624500AB5EDE /* CellSeparator.swift in Sources */,
			);
			runOnlyForDeploymentPostprocessing = 0;
		};
/* End PBXSourcesBuildPhase section */

/* Begin PBXVariantGroup section */
		FCF5BB412AE1653B00BA6F6B /* LaunchScreen.storyboard */ = {
			isa = PBXVariantGroup;
			children = (
				FCF5BB422AE1653B00BA6F6B /* Base */,
			);
			name = LaunchScreen.storyboard;
			sourceTree = "<group>";
		};
/* End PBXVariantGroup section */

/* Begin XCBuildConfiguration section */
		FCF5BB452AE1653B00BA6F6B /* Debug */ = {
			isa = XCBuildConfiguration;
			buildSettings = {
				ALWAYS_SEARCH_USER_PATHS = NO;
				CLANG_ANALYZER_NONNULL = YES;
				CLANG_ANALYZER_NUMBER_OBJECT_CONVERSION = YES_AGGRESSIVE;
				CLANG_CXX_LANGUAGE_STANDARD = "gnu++20";
				CLANG_ENABLE_MODULES = YES;
				CLANG_ENABLE_OBJC_ARC = YES;
				CLANG_ENABLE_OBJC_WEAK = YES;
				CLANG_WARN_BLOCK_CAPTURE_AUTORELEASING = YES;
				CLANG_WARN_BOOL_CONVERSION = YES;
				CLANG_WARN_COMMA = YES;
				CLANG_WARN_CONSTANT_CONVERSION = YES;
				CLANG_WARN_DEPRECATED_OBJC_IMPLEMENTATIONS = YES;
				CLANG_WARN_DIRECT_OBJC_ISA_USAGE = YES_ERROR;
				CLANG_WARN_DOCUMENTATION_COMMENTS = YES;
				CLANG_WARN_EMPTY_BODY = YES;
				CLANG_WARN_ENUM_CONVERSION = YES;
				CLANG_WARN_INFINITE_RECURSION = YES;
				CLANG_WARN_INT_CONVERSION = YES;
				CLANG_WARN_NON_LITERAL_NULL_CONVERSION = YES;
				CLANG_WARN_OBJC_IMPLICIT_RETAIN_SELF = YES;
				CLANG_WARN_OBJC_LITERAL_CONVERSION = YES;
				CLANG_WARN_OBJC_ROOT_CLASS = YES_ERROR;
				CLANG_WARN_QUOTED_INCLUDE_IN_FRAMEWORK_HEADER = YES;
				CLANG_WARN_RANGE_LOOP_ANALYSIS = YES;
				CLANG_WARN_STRICT_PROTOTYPES = YES;
				CLANG_WARN_SUSPICIOUS_MOVE = YES;
				CLANG_WARN_UNGUARDED_AVAILABILITY = YES_AGGRESSIVE;
				CLANG_WARN_UNREACHABLE_CODE = YES;
				CLANG_WARN__DUPLICATE_METHOD_MATCH = YES;
				COPY_PHASE_STRIP = NO;
				DEBUG_INFORMATION_FORMAT = dwarf;
				ENABLE_STRICT_OBJC_MSGSEND = YES;
				ENABLE_TESTABILITY = YES;
				ENABLE_USER_SCRIPT_SANDBOXING = YES;
				GCC_C_LANGUAGE_STANDARD = gnu11;
				GCC_DYNAMIC_NO_PIC = NO;
				GCC_NO_COMMON_BLOCKS = YES;
				GCC_OPTIMIZATION_LEVEL = 0;
				GCC_PREPROCESSOR_DEFINITIONS = (
					"DEBUG=1",
					"$(inherited)",
				);
				GCC_WARN_64_TO_32_BIT_CONVERSION = YES;
				GCC_WARN_ABOUT_RETURN_TYPE = YES_ERROR;
				GCC_WARN_UNDECLARED_SELECTOR = YES;
				GCC_WARN_UNINITIALIZED_AUTOS = YES_AGGRESSIVE;
				GCC_WARN_UNUSED_FUNCTION = YES;
				GCC_WARN_UNUSED_VARIABLE = YES;
				IPHONEOS_DEPLOYMENT_TARGET = 16.4;
				MTL_ENABLE_DEBUG_INFO = INCLUDE_SOURCE;
				MTL_FAST_MATH = YES;
				ONLY_ACTIVE_ARCH = YES;
				SDKROOT = iphoneos;
				SWIFT_ACTIVE_COMPILATION_CONDITIONS = DEBUG;
				SWIFT_OPTIMIZATION_LEVEL = "-Onone";
			};
			name = Debug;
		};
		FCF5BB462AE1653B00BA6F6B /* Release */ = {
			isa = XCBuildConfiguration;
			buildSettings = {
				ALWAYS_SEARCH_USER_PATHS = NO;
				CLANG_ANALYZER_NONNULL = YES;
				CLANG_ANALYZER_NUMBER_OBJECT_CONVERSION = YES_AGGRESSIVE;
				CLANG_CXX_LANGUAGE_STANDARD = "gnu++20";
				CLANG_ENABLE_MODULES = YES;
				CLANG_ENABLE_OBJC_ARC = YES;
				CLANG_ENABLE_OBJC_WEAK = YES;
				CLANG_WARN_BLOCK_CAPTURE_AUTORELEASING = YES;
				CLANG_WARN_BOOL_CONVERSION = YES;
				CLANG_WARN_COMMA = YES;
				CLANG_WARN_CONSTANT_CONVERSION = YES;
				CLANG_WARN_DEPRECATED_OBJC_IMPLEMENTATIONS = YES;
				CLANG_WARN_DIRECT_OBJC_ISA_USAGE = YES_ERROR;
				CLANG_WARN_DOCUMENTATION_COMMENTS = YES;
				CLANG_WARN_EMPTY_BODY = YES;
				CLANG_WARN_ENUM_CONVERSION = YES;
				CLANG_WARN_INFINITE_RECURSION = YES;
				CLANG_WARN_INT_CONVERSION = YES;
				CLANG_WARN_NON_LITERAL_NULL_CONVERSION = YES;
				CLANG_WARN_OBJC_IMPLICIT_RETAIN_SELF = YES;
				CLANG_WARN_OBJC_LITERAL_CONVERSION = YES;
				CLANG_WARN_OBJC_ROOT_CLASS = YES_ERROR;
				CLANG_WARN_QUOTED_INCLUDE_IN_FRAMEWORK_HEADER = YES;
				CLANG_WARN_RANGE_LOOP_ANALYSIS = YES;
				CLANG_WARN_STRICT_PROTOTYPES = YES;
				CLANG_WARN_SUSPICIOUS_MOVE = YES;
				CLANG_WARN_UNGUARDED_AVAILABILITY = YES_AGGRESSIVE;
				CLANG_WARN_UNREACHABLE_CODE = YES;
				CLANG_WARN__DUPLICATE_METHOD_MATCH = YES;
				COPY_PHASE_STRIP = NO;
				DEBUG_INFORMATION_FORMAT = "dwarf-with-dsym";
				ENABLE_NS_ASSERTIONS = NO;
				ENABLE_STRICT_OBJC_MSGSEND = YES;
				ENABLE_USER_SCRIPT_SANDBOXING = YES;
				GCC_C_LANGUAGE_STANDARD = gnu11;
				GCC_NO_COMMON_BLOCKS = YES;
				GCC_WARN_64_TO_32_BIT_CONVERSION = YES;
				GCC_WARN_ABOUT_RETURN_TYPE = YES_ERROR;
				GCC_WARN_UNDECLARED_SELECTOR = YES;
				GCC_WARN_UNINITIALIZED_AUTOS = YES_AGGRESSIVE;
				GCC_WARN_UNUSED_FUNCTION = YES;
				GCC_WARN_UNUSED_VARIABLE = YES;
				IPHONEOS_DEPLOYMENT_TARGET = 16.4;
				MTL_ENABLE_DEBUG_INFO = NO;
				MTL_FAST_MATH = YES;
				SDKROOT = iphoneos;
				SWIFT_COMPILATION_MODE = wholemodule;
				SWIFT_OPTIMIZATION_LEVEL = "-O";
				VALIDATE_PRODUCT = YES;
			};
			name = Release;
		};
		FCF5BB482AE1653B00BA6F6B /* Debug */ = {
			isa = XCBuildConfiguration;
			buildSettings = {
				ASSETCATALOG_COMPILER_APPICON_NAME = AppIcon;
				ASSETCATALOG_COMPILER_GLOBAL_ACCENT_COLOR_NAME = AccentColor;
				CODE_SIGN_STYLE = Automatic;
				CURRENT_PROJECT_VERSION = 1;
				DEVELOPMENT_TEAM = UYW8HNCU5F;
				GENERATE_INFOPLIST_FILE = YES;
				INFOPLIST_FILE = CurrencyConverterApp/Resources/Info.plist;
				INFOPLIST_KEY_UIApplicationSupportsIndirectInputEvents = YES;
				INFOPLIST_KEY_UILaunchStoryboardName = LaunchScreen;
				INFOPLIST_KEY_UISupportedInterfaceOrientations_iPad = "UIInterfaceOrientationPortrait UIInterfaceOrientationPortraitUpsideDown UIInterfaceOrientationLandscapeLeft UIInterfaceOrientationLandscapeRight";
				INFOPLIST_KEY_UISupportedInterfaceOrientations_iPhone = "UIInterfaceOrientationPortrait UIInterfaceOrientationLandscapeLeft UIInterfaceOrientationLandscapeRight";
				LD_RUNPATH_SEARCH_PATHS = (
					"$(inherited)",
					"@executable_path/Frameworks",
				);
				MARKETING_VERSION = 1.0;
				PRODUCT_BUNDLE_IDENTIFIER = me.vakhtang.Currency.CurrencyConverterApp;
				PRODUCT_NAME = "$(TARGET_NAME)";
				SWIFT_EMIT_LOC_STRINGS = YES;
				SWIFT_VERSION = 5.0;
				TARGETED_DEVICE_FAMILY = "1,2";
			};
			name = Debug;
		};
		FCF5BB492AE1653B00BA6F6B /* Release */ = {
			isa = XCBuildConfiguration;
			buildSettings = {
				ASSETCATALOG_COMPILER_APPICON_NAME = AppIcon;
				ASSETCATALOG_COMPILER_GLOBAL_ACCENT_COLOR_NAME = AccentColor;
				CODE_SIGN_STYLE = Automatic;
				CURRENT_PROJECT_VERSION = 1;
				DEVELOPMENT_TEAM = UYW8HNCU5F;
				GENERATE_INFOPLIST_FILE = YES;
				INFOPLIST_FILE = CurrencyConverterApp/Resources/Info.plist;
				INFOPLIST_KEY_UIApplicationSupportsIndirectInputEvents = YES;
				INFOPLIST_KEY_UILaunchStoryboardName = LaunchScreen;
				INFOPLIST_KEY_UISupportedInterfaceOrientations_iPad = "UIInterfaceOrientationPortrait UIInterfaceOrientationPortraitUpsideDown UIInterfaceOrientationLandscapeLeft UIInterfaceOrientationLandscapeRight";
				INFOPLIST_KEY_UISupportedInterfaceOrientations_iPhone = "UIInterfaceOrientationPortrait UIInterfaceOrientationLandscapeLeft UIInterfaceOrientationLandscapeRight";
				LD_RUNPATH_SEARCH_PATHS = (
					"$(inherited)",
					"@executable_path/Frameworks",
				);
				MARKETING_VERSION = 1.0;
				PRODUCT_BUNDLE_IDENTIFIER = me.vakhtang.Currency.CurrencyConverterApp;
				PRODUCT_NAME = "$(TARGET_NAME)";
				SWIFT_EMIT_LOC_STRINGS = YES;
				SWIFT_VERSION = 5.0;
				TARGETED_DEVICE_FAMILY = "1,2";
			};
			name = Release;
		};
/* End XCBuildConfiguration section */

/* Begin XCConfigurationList section */
		FCF5BB2E2AE1653800BA6F6B /* Build configuration list for PBXProject "CurrencyConverterApp" */ = {
			isa = XCConfigurationList;
			buildConfigurations = (
				FCF5BB452AE1653B00BA6F6B /* Debug */,
				FCF5BB462AE1653B00BA6F6B /* Release */,
			);
			defaultConfigurationIsVisible = 0;
			defaultConfigurationName = Release;
		};
		FCF5BB472AE1653B00BA6F6B /* Build configuration list for PBXNativeTarget "CurrencyConverterApp" */ = {
			isa = XCConfigurationList;
			buildConfigurations = (
				FCF5BB482AE1653B00BA6F6B /* Debug */,
				FCF5BB492AE1653B00BA6F6B /* Release */,
			);
			defaultConfigurationIsVisible = 0;
			defaultConfigurationName = Release;
		};
/* End XCConfigurationList section */

/* Begin XCRemoteSwiftPackageReference section */
		FCC942B12AE411EB005CF7F1 /* XCRemoteSwiftPackageReference "realm-swift" */ = {
			isa = XCRemoteSwiftPackageReference;
			repositoryURL = "https://github.com/realm/realm-swift.git";
			requirement = {
				branch = master;
				kind = branch;
			};
		};
/* End XCRemoteSwiftPackageReference section */

/* Begin XCSwiftPackageProductDependency section */
		FCC942B22AE411EB005CF7F1 /* Realm */ = {
			isa = XCSwiftPackageProductDependency;
			package = FCC942B12AE411EB005CF7F1 /* XCRemoteSwiftPackageReference "realm-swift" */;
			productName = Realm;
		};
		FCC942B42AE411EB005CF7F1 /* RealmSwift */ = {
			isa = XCSwiftPackageProductDependency;
			package = FCC942B12AE411EB005CF7F1 /* XCRemoteSwiftPackageReference "realm-swift" */;
			productName = RealmSwift;
		};
/* End XCSwiftPackageProductDependency section */
	};
	rootObject = FCF5BB2B2AE1653800BA6F6B /* Project object */;
}
