// !$*UTF8*$!
{
	archiveVersion = 1;
	classes = {
	};
	objectVersion = 56;
	objects = {

/* Begin PBXBuildFile section */
		FCD9F35F2AE2AFE300B2C790 /* UIColor.swift in Sources */ = {isa = PBXBuildFile; fileRef = FCD9F35E2AE2AFE300B2C790 /* UIColor.swift */; };
		FCD9F3612AE2B00600B2C790 /* Bundle-Decodable.swift in Sources */ = {isa = PBXBuildFile; fileRef = FCD9F3602AE2B00600B2C790 /* Bundle-Decodable.swift */; };
		FCD9F3652AE2B3EA00B2C790 /* CurrencyListCoordintor.swift in Sources */ = {isa = PBXBuildFile; fileRef = FCD9F3642AE2B3EA00B2C790 /* CurrencyListCoordintor.swift */; };
		FCD9F3682AE2B47300B2C790 /* CurrencyView.swift in Sources */ = {isa = PBXBuildFile; fileRef = FCD9F3672AE2B47300B2C790 /* CurrencyView.swift */; };
		FCD9F36A2AE2B4A900B2C790 /* CurrencyViewCell.swift in Sources */ = {isa = PBXBuildFile; fileRef = FCD9F3692AE2B4A900B2C790 /* CurrencyViewCell.swift */; };
		FCD9F36D2AE2B4DD00B2C790 /* SearchBar.swift in Sources */ = {isa = PBXBuildFile; fileRef = FCD9F36C2AE2B4DD00B2C790 /* SearchBar.swift */; };
		FCD9F3702AE2EEFF00B2C790 /* CurrencyListViewModel.swift in Sources */ = {isa = PBXBuildFile; fileRef = FCD9F36F2AE2EEFF00B2C790 /* CurrencyListViewModel.swift */; };
		FCD9F3732AE2FCD800B2C790 /* NetworkError.swift in Sources */ = {isa = PBXBuildFile; fileRef = FCD9F3722AE2FCD800B2C790 /* NetworkError.swift */; };
		FCD9F3752AE2FCF700B2C790 /* NetworkService.swift in Sources */ = {isa = PBXBuildFile; fileRef = FCD9F3742AE2FCF700B2C790 /* NetworkService.swift */; };
		FCD9F3772AE2FD5200B2C790 /* Endpoint.swift in Sources */ = {isa = PBXBuildFile; fileRef = FCD9F3762AE2FD5200B2C790 /* Endpoint.swift */; };
		FCD9F37A2AE2FD8500B2C790 /* CurrencyListModel.swift in Sources */ = {isa = PBXBuildFile; fileRef = FCD9F3792AE2FD8500B2C790 /* CurrencyListModel.swift */; };
		FCD9F37D2AE2FE9300B2C790 /* CountryCurrenciesModel.swift in Sources */ = {isa = PBXBuildFile; fileRef = FCD9F37C2AE2FE9300B2C790 /* CountryCurrenciesModel.swift */; };
		FCD9F37F2AE2FECF00B2C790 /* CountryCurrenciesManager.swift in Sources */ = {isa = PBXBuildFile; fileRef = FCD9F37E2AE2FECF00B2C790 /* CountryCurrenciesManager.swift */; };
		FCF5BB372AE1653800BA6F6B /* AppDelegate.swift in Sources */ = {isa = PBXBuildFile; fileRef = FCF5BB362AE1653800BA6F6B /* AppDelegate.swift */; };
		FCF5BB392AE1653800BA6F6B /* SceneDelegate.swift in Sources */ = {isa = PBXBuildFile; fileRef = FCF5BB382AE1653800BA6F6B /* SceneDelegate.swift */; };
		FCF5BB402AE1653B00BA6F6B /* Assets.xcassets in Resources */ = {isa = PBXBuildFile; fileRef = FCF5BB3F2AE1653B00BA6F6B /* Assets.xcassets */; };
		FCF5BB432AE1653B00BA6F6B /* LaunchScreen.storyboard in Resources */ = {isa = PBXBuildFile; fileRef = FCF5BB412AE1653B00BA6F6B /* LaunchScreen.storyboard */; };
		FCF5BB4E2AE1668E00BA6F6B /* Coordinator.swift in Sources */ = {isa = PBXBuildFile; fileRef = FCF5BB4D2AE1668E00BA6F6B /* Coordinator.swift */; };
		FCF5BB502AE1689F00BA6F6B /* AppCoordinator.swift in Sources */ = {isa = PBXBuildFile; fileRef = FCF5BB4F2AE1689F00BA6F6B /* AppCoordinator.swift */; };
		FCF5BB532AE16A7C00BA6F6B /* TabBarItem.swift in Sources */ = {isa = PBXBuildFile; fileRef = FCF5BB522AE16A7C00BA6F6B /* TabBarItem.swift */; };
		FCF5BB552AE16B3900BA6F6B /* TabBarController.swift in Sources */ = {isa = PBXBuildFile; fileRef = FCF5BB542AE16B3900BA6F6B /* TabBarController.swift */; };
		FCF5BB572AE16C2F00BA6F6B /* TabBarCoordinator.swift in Sources */ = {isa = PBXBuildFile; fileRef = FCF5BB562AE16C2F00BA6F6B /* TabBarCoordinator.swift */; };
/* End PBXBuildFile section */

/* Begin PBXFileReference section */
		FCD9F3592AE2AEDB00B2C790 /* Montserrat.ttf */ = {isa = PBXFileReference; lastKnownFileType = file; path = Montserrat.ttf; sourceTree = "<group>"; };
		FCD9F35A2AE2AEDB00B2C790 /* Montserrat-SemiBold.ttf */ = {isa = PBXFileReference; lastKnownFileType = file; path = "Montserrat-SemiBold.ttf"; sourceTree = "<group>"; };
		FCD9F35B2AE2AEDB00B2C790 /* Montserrat-Regular.ttf */ = {isa = PBXFileReference; lastKnownFileType = file; path = "Montserrat-Regular.ttf"; sourceTree = "<group>"; };
		FCD9F35C2AE2AEDB00B2C790 /* Inter-Medium.otf */ = {isa = PBXFileReference; lastKnownFileType = file; path = "Inter-Medium.otf"; sourceTree = "<group>"; };
		FCD9F35E2AE2AFE300B2C790 /* UIColor.swift */ = {isa = PBXFileReference; lastKnownFileType = sourcecode.swift; path = UIColor.swift; sourceTree = "<group>"; };
		FCD9F3602AE2B00600B2C790 /* Bundle-Decodable.swift */ = {isa = PBXFileReference; lastKnownFileType = sourcecode.swift; path = "Bundle-Decodable.swift"; sourceTree = "<group>"; };
		FCD9F3642AE2B3EA00B2C790 /* CurrencyListCoordintor.swift */ = {isa = PBXFileReference; lastKnownFileType = sourcecode.swift; path = CurrencyListCoordintor.swift; sourceTree = "<group>"; };
		FCD9F3672AE2B47300B2C790 /* CurrencyView.swift */ = {isa = PBXFileReference; lastKnownFileType = sourcecode.swift; path = CurrencyView.swift; sourceTree = "<group>"; };
		FCD9F3692AE2B4A900B2C790 /* CurrencyViewCell.swift */ = {isa = PBXFileReference; lastKnownFileType = sourcecode.swift; path = CurrencyViewCell.swift; sourceTree = "<group>"; };
		FCD9F36C2AE2B4DD00B2C790 /* SearchBar.swift */ = {isa = PBXFileReference; lastKnownFileType = sourcecode.swift; path = SearchBar.swift; sourceTree = "<group>"; };
		FCD9F36F2AE2EEFF00B2C790 /* CurrencyListViewModel.swift */ = {isa = PBXFileReference; lastKnownFileType = sourcecode.swift; path = CurrencyListViewModel.swift; sourceTree = "<group>"; };
		FCD9F3722AE2FCD800B2C790 /* NetworkError.swift */ = {isa = PBXFileReference; lastKnownFileType = sourcecode.swift; path = NetworkError.swift; sourceTree = "<group>"; };
		FCD9F3742AE2FCF700B2C790 /* NetworkService.swift */ = {isa = PBXFileReference; lastKnownFileType = sourcecode.swift; path = NetworkService.swift; sourceTree = "<group>"; };
		FCD9F3762AE2FD5200B2C790 /* Endpoint.swift */ = {isa = PBXFileReference; lastKnownFileType = sourcecode.swift; path = Endpoint.swift; sourceTree = "<group>"; };
		FCD9F3792AE2FD8500B2C790 /* CurrencyListModel.swift */ = {isa = PBXFileReference; lastKnownFileType = sourcecode.swift; path = CurrencyListModel.swift; sourceTree = "<group>"; };
		FCD9F37C2AE2FE9300B2C790 /* CountryCurrenciesModel.swift */ = {isa = PBXFileReference; lastKnownFileType = sourcecode.swift; path = CountryCurrenciesModel.swift; sourceTree = "<group>"; };
		FCD9F37E2AE2FECF00B2C790 /* CountryCurrenciesManager.swift */ = {isa = PBXFileReference; lastKnownFileType = sourcecode.swift; path = CountryCurrenciesManager.swift; sourceTree = "<group>"; };
		FCF5BB332AE1653800BA6F6B /* CurrencyConverterApp.app */ = {isa = PBXFileReference; explicitFileType = wrapper.application; includeInIndex = 0; path = CurrencyConverterApp.app; sourceTree = BUILT_PRODUCTS_DIR; };
		FCF5BB362AE1653800BA6F6B /* AppDelegate.swift */ = {isa = PBXFileReference; lastKnownFileType = sourcecode.swift; path = AppDelegate.swift; sourceTree = "<group>"; };
		FCF5BB382AE1653800BA6F6B /* SceneDelegate.swift */ = {isa = PBXFileReference; lastKnownFileType = sourcecode.swift; path = SceneDelegate.swift; sourceTree = "<group>"; };
		FCF5BB3F2AE1653B00BA6F6B /* Assets.xcassets */ = {isa = PBXFileReference; lastKnownFileType = folder.assetcatalog; path = Assets.xcassets; sourceTree = "<group>"; };
		FCF5BB422AE1653B00BA6F6B /* Base */ = {isa = PBXFileReference; lastKnownFileType = file.storyboard; name = Base; path = Base.lproj/LaunchScreen.storyboard; sourceTree = "<group>"; };
		FCF5BB442AE1653B00BA6F6B /* Info.plist */ = {isa = PBXFileReference; lastKnownFileType = text.plist.xml; path = Info.plist; sourceTree = "<group>"; };
		FCF5BB4D2AE1668E00BA6F6B /* Coordinator.swift */ = {isa = PBXFileReference; lastKnownFileType = sourcecode.swift; path = Coordinator.swift; sourceTree = "<group>"; };
		FCF5BB4F2AE1689F00BA6F6B /* AppCoordinator.swift */ = {isa = PBXFileReference; lastKnownFileType = sourcecode.swift; path = AppCoordinator.swift; sourceTree = "<group>"; };
		FCF5BB522AE16A7C00BA6F6B /* TabBarItem.swift */ = {isa = PBXFileReference; lastKnownFileType = sourcecode.swift; path = TabBarItem.swift; sourceTree = "<group>"; };
		FCF5BB542AE16B3900BA6F6B /* TabBarController.swift */ = {isa = PBXFileReference; lastKnownFileType = sourcecode.swift; path = TabBarController.swift; sourceTree = "<group>"; };
		FCF5BB562AE16C2F00BA6F6B /* TabBarCoordinator.swift */ = {isa = PBXFileReference; lastKnownFileType = sourcecode.swift; path = TabBarCoordinator.swift; sourceTree = "<group>"; };
/* End PBXFileReference section */

/* Begin PBXFrameworksBuildPhase section */
		FCF5BB302AE1653800BA6F6B /* Frameworks */ = {
			isa = PBXFrameworksBuildPhase;
			buildActionMask = 2147483647;
			files = (
			);
			runOnlyForDeploymentPostprocessing = 0;
		};
/* End PBXFrameworksBuildPhase section */

/* Begin PBXGroup section */
		FCD9F3582AE2AEBB00B2C790 /* Fonts */ = {
			isa = PBXGroup;
			children = (
				FCD9F35C2AE2AEDB00B2C790 /* Inter-Medium.otf */,
				FCD9F35B2AE2AEDB00B2C790 /* Montserrat-Regular.ttf */,
				FCD9F35A2AE2AEDB00B2C790 /* Montserrat-SemiBold.ttf */,
				FCD9F3592AE2AEDB00B2C790 /* Montserrat.ttf */,
			);
			path = Fonts;
			sourceTree = "<group>";
		};
		FCD9F35D2AE2AF9900B2C790 /* Extensions */ = {
			isa = PBXGroup;
			children = (
				FCD9F35E2AE2AFE300B2C790 /* UIColor.swift */,
				FCD9F3602AE2B00600B2C790 /* Bundle-Decodable.swift */,
			);
			path = Extensions;
			sourceTree = "<group>";
		};
		FCD9F3622AE2B0D000B2C790 /* CurrencyList */ = {
			isa = PBXGroup;
			children = (
				FCD9F3632AE2B3D500B2C790 /* CurrencyListCoordinator */,
				FCD9F3662AE2B45400B2C790 /* View */,
				FCD9F36E2AE2EEE400B2C790 /* ViewModel */,
			);
			path = CurrencyList;
			sourceTree = "<group>";
		};
		FCD9F3632AE2B3D500B2C790 /* CurrencyListCoordinator */ = {
			isa = PBXGroup;
			children = (
				FCD9F3642AE2B3EA00B2C790 /* CurrencyListCoordintor.swift */,
			);
			path = CurrencyListCoordinator;
			sourceTree = "<group>";
		};
		FCD9F3662AE2B45400B2C790 /* View */ = {
			isa = PBXGroup;
			children = (
				FCD9F3672AE2B47300B2C790 /* CurrencyView.swift */,
				FCD9F3692AE2B4A900B2C790 /* CurrencyViewCell.swift */,
				FCD9F36C2AE2B4DD00B2C790 /* SearchBar.swift */,
			);
			path = View;
			sourceTree = "<group>";
		};
		FCD9F36E2AE2EEE400B2C790 /* ViewModel */ = {
			isa = PBXGroup;
			children = (
				FCD9F36F2AE2EEFF00B2C790 /* CurrencyListViewModel.swift */,
			);
			path = ViewModel;
			sourceTree = "<group>";
		};
		FCD9F3712AE2FCBD00B2C790 /* NetworkService */ = {
			isa = PBXGroup;
			children = (
				FCD9F3722AE2FCD800B2C790 /* NetworkError.swift */,
				FCD9F3742AE2FCF700B2C790 /* NetworkService.swift */,
				FCD9F3762AE2FD5200B2C790 /* Endpoint.swift */,
			);
			path = NetworkService;
			sourceTree = "<group>";
		};
		FCD9F3782AE2FD7200B2C790 /* Model */ = {
			isa = PBXGroup;
			children = (
				FCD9F3792AE2FD8500B2C790 /* CurrencyListModel.swift */,
			);
			path = Model;
			sourceTree = "<group>";
		};
		FCD9F37B2AE2FE7000B2C790 /* CountryCurrencies */ = {
			isa = PBXGroup;
			children = (
				FCD9F37C2AE2FE9300B2C790 /* CountryCurrenciesModel.swift */,
				FCD9F37E2AE2FECF00B2C790 /* CountryCurrenciesManager.swift */,
			);
			path = CountryCurrencies;
			sourceTree = "<group>";
		};
		FCF5BB2A2AE1653800BA6F6B = {
			isa = PBXGroup;
			children = (
				FCF5BB352AE1653800BA6F6B /* CurrencyConverterApp */,
				FCF5BB342AE1653800BA6F6B /* Products */,
			);
			sourceTree = "<group>";
		};
		FCF5BB342AE1653800BA6F6B /* Products */ = {
			isa = PBXGroup;
			children = (
				FCF5BB332AE1653800BA6F6B /* CurrencyConverterApp.app */,
			);
			name = Products;
			sourceTree = "<group>";
		};
		FCF5BB352AE1653800BA6F6B /* CurrencyConverterApp */ = {
			isa = PBXGroup;
			children = (
				FCD9F37B2AE2FE7000B2C790 /* CountryCurrencies */,
				FCD9F3782AE2FD7200B2C790 /* Model */,
				FCD9F3712AE2FCBD00B2C790 /* NetworkService */,
				FCD9F3622AE2B0D000B2C790 /* CurrencyList */,
				FCF5BB512AE169CA00BA6F6B /* TabBar */,
				FCF5BB4C2AE1667800BA6F6B /* Coordinator */,
				FCF5BB4A2AE1654900BA6F6B /* Application */,
				FCD9F35D2AE2AF9900B2C790 /* Extensions */,
				FCD9F3582AE2AEBB00B2C790 /* Fonts */,
				FCF5BB4B2AE1657500BA6F6B /* Resources */,
			);
			path = CurrencyConverterApp;
			sourceTree = "<group>";
		};
		FCF5BB4A2AE1654900BA6F6B /* Application */ = {
			isa = PBXGroup;
			children = (
				FCF5BB382AE1653800BA6F6B /* SceneDelegate.swift */,
				FCF5BB362AE1653800BA6F6B /* AppDelegate.swift */,
				FCF5BB4F2AE1689F00BA6F6B /* AppCoordinator.swift */,
			);
			path = Application;
			sourceTree = "<group>";
		};
		FCF5BB4B2AE1657500BA6F6B /* Resources */ = {
			isa = PBXGroup;
			children = (
				FCF5BB442AE1653B00BA6F6B /* Info.plist */,
				FCF5BB412AE1653B00BA6F6B /* LaunchScreen.storyboard */,
				FCF5BB3F2AE1653B00BA6F6B /* Assets.xcassets */,
			);
			path = Resources;
			sourceTree = "<group>";
		};
		FCF5BB4C2AE1667800BA6F6B /* Coordinator */ = {
			isa = PBXGroup;
			children = (
				FCF5BB4D2AE1668E00BA6F6B /* Coordinator.swift */,
			);
			path = Coordinator;
			sourceTree = "<group>";
		};
		FCF5BB512AE169CA00BA6F6B /* TabBar */ = {
			isa = PBXGroup;
			children = (
				FCF5BB562AE16C2F00BA6F6B /* TabBarCoordinator.swift */,
				FCF5BB542AE16B3900BA6F6B /* TabBarController.swift */,
				FCF5BB522AE16A7C00BA6F6B /* TabBarItem.swift */,
			);
			path = TabBar;
			sourceTree = "<group>";
		};
/* End PBXGroup section */

/* Begin PBXNativeTarget section */
		FCF5BB322AE1653800BA6F6B /* CurrencyConverterApp */ = {
			isa = PBXNativeTarget;
			buildConfigurationList = FCF5BB472AE1653B00BA6F6B /* Build configuration list for PBXNativeTarget "CurrencyConverterApp" */;
			buildPhases = (
				FCF5BB2F2AE1653800BA6F6B /* Sources */,
				FCF5BB302AE1653800BA6F6B /* Frameworks */,
				FCF5BB312AE1653800BA6F6B /* Resources */,
			);
			buildRules = (
			);
			dependencies = (
			);
			name = CurrencyConverterApp;
			productName = CurrencyConverterApp;
			productReference = FCF5BB332AE1653800BA6F6B /* CurrencyConverterApp.app */;
			productType = "com.apple.product-type.application";
		};
/* End PBXNativeTarget section */

/* Begin PBXProject section */
		FCF5BB2B2AE1653800BA6F6B /* Project object */ = {
			isa = PBXProject;
			attributes = {
				BuildIndependentTargetsInParallel = 1;
				LastSwiftUpdateCheck = 1430;
				LastUpgradeCheck = 1430;
				TargetAttributes = {
					FCF5BB322AE1653800BA6F6B = {
						CreatedOnToolsVersion = 14.3;
					};
				};
			};
			buildConfigurationList = FCF5BB2E2AE1653800BA6F6B /* Build configuration list for PBXProject "CurrencyConverterApp" */;
			compatibilityVersion = "Xcode 14.0";
			developmentRegion = en;
			hasScannedForEncodings = 0;
			knownRegions = (
				en,
				Base,
			);
			mainGroup = FCF5BB2A2AE1653800BA6F6B;
			productRefGroup = FCF5BB342AE1653800BA6F6B /* Products */;
			projectDirPath = "";
			projectRoot = "";
			targets = (
				FCF5BB322AE1653800BA6F6B /* CurrencyConverterApp */,
			);
		};
/* End PBXProject section */

/* Begin PBXResourcesBuildPhase section */
		FCF5BB312AE1653800BA6F6B /* Resources */ = {
			isa = PBXResourcesBuildPhase;
			buildActionMask = 2147483647;
			files = (
				FCF5BB432AE1653B00BA6F6B /* LaunchScreen.storyboard in Resources */,
				FCF5BB402AE1653B00BA6F6B /* Assets.xcassets in Resources */,
			);
			runOnlyForDeploymentPostprocessing = 0;
		};
/* End PBXResourcesBuildPhase section */

/* Begin PBXSourcesBuildPhase section */
		FCF5BB2F2AE1653800BA6F6B /* Sources */ = {
			isa = PBXSourcesBuildPhase;
			buildActionMask = 2147483647;
			files = (
				FCD9F36D2AE2B4DD00B2C790 /* SearchBar.swift in Sources */,
				FCF5BB502AE1689F00BA6F6B /* AppCoordinator.swift in Sources */,
				FCD9F3652AE2B3EA00B2C790 /* CurrencyListCoordintor.swift in Sources */,
				FCF5BB372AE1653800BA6F6B /* AppDelegate.swift in Sources */,
				FCF5BB532AE16A7C00BA6F6B /* TabBarItem.swift in Sources */,
				FCF5BB572AE16C2F00BA6F6B /* TabBarCoordinator.swift in Sources */,
				FCD9F37A2AE2FD8500B2C790 /* CurrencyListModel.swift in Sources */,
				FCF5BB552AE16B3900BA6F6B /* TabBarController.swift in Sources */,
				FCD9F3682AE2B47300B2C790 /* CurrencyView.swift in Sources */,
				FCD9F3612AE2B00600B2C790 /* Bundle-Decodable.swift in Sources */,
				FCD9F3732AE2FCD800B2C790 /* NetworkError.swift in Sources */,
				FCD9F3752AE2FCF700B2C790 /* NetworkService.swift in Sources */,
				FCD9F35F2AE2AFE300B2C790 /* UIColor.swift in Sources */,
				FCF5BB392AE1653800BA6F6B /* SceneDelegate.swift in Sources */,
				FCD9F37D2AE2FE9300B2C790 /* CountryCurrenciesModel.swift in Sources */,
				FCD9F37F2AE2FECF00B2C790 /* CountryCurrenciesManager.swift in Sources */,
				FCF5BB4E2AE1668E00BA6F6B /* Coordinator.swift in Sources */,
				FCD9F36A2AE2B4A900B2C790 /* CurrencyViewCell.swift in Sources */,
				FCD9F3772AE2FD5200B2C790 /* Endpoint.swift in Sources */,
				FCD9F3702AE2EEFF00B2C790 /* CurrencyListViewModel.swift in Sources */,
			);
			runOnlyForDeploymentPostprocessing = 0;
		};
/* End PBXSourcesBuildPhase section */

/* Begin PBXVariantGroup section */
		FCF5BB412AE1653B00BA6F6B /* LaunchScreen.storyboard */ = {
			isa = PBXVariantGroup;
			children = (
				FCF5BB422AE1653B00BA6F6B /* Base */,
			);
			name = LaunchScreen.storyboard;
			sourceTree = "<group>";
		};
/* End PBXVariantGroup section */

/* Begin XCBuildConfiguration section */
		FCF5BB452AE1653B00BA6F6B /* Debug */ = {
			isa = XCBuildConfiguration;
			buildSettings = {
				ALWAYS_SEARCH_USER_PATHS = NO;
				CLANG_ANALYZER_NONNULL = YES;
				CLANG_ANALYZER_NUMBER_OBJECT_CONVERSION = YES_AGGRESSIVE;
				CLANG_CXX_LANGUAGE_STANDARD = "gnu++20";
				CLANG_ENABLE_MODULES = YES;
				CLANG_ENABLE_OBJC_ARC = YES;
				CLANG_ENABLE_OBJC_WEAK = YES;
				CLANG_WARN_BLOCK_CAPTURE_AUTORELEASING = YES;
				CLANG_WARN_BOOL_CONVERSION = YES;
				CLANG_WARN_COMMA = YES;
				CLANG_WARN_CONSTANT_CONVERSION = YES;
				CLANG_WARN_DEPRECATED_OBJC_IMPLEMENTATIONS = YES;
				CLANG_WARN_DIRECT_OBJC_ISA_USAGE = YES_ERROR;
				CLANG_WARN_DOCUMENTATION_COMMENTS = YES;
				CLANG_WARN_EMPTY_BODY = YES;
				CLANG_WARN_ENUM_CONVERSION = YES;
				CLANG_WARN_INFINITE_RECURSION = YES;
				CLANG_WARN_INT_CONVERSION = YES;
				CLANG_WARN_NON_LITERAL_NULL_CONVERSION = YES;
				CLANG_WARN_OBJC_IMPLICIT_RETAIN_SELF = YES;
				CLANG_WARN_OBJC_LITERAL_CONVERSION = YES;
				CLANG_WARN_OBJC_ROOT_CLASS = YES_ERROR;
				CLANG_WARN_QUOTED_INCLUDE_IN_FRAMEWORK_HEADER = YES;
				CLANG_WARN_RANGE_LOOP_ANALYSIS = YES;
				CLANG_WARN_STRICT_PROTOTYPES = YES;
				CLANG_WARN_SUSPICIOUS_MOVE = YES;
				CLANG_WARN_UNGUARDED_AVAILABILITY = YES_AGGRESSIVE;
				CLANG_WARN_UNREACHABLE_CODE = YES;
				CLANG_WARN__DUPLICATE_METHOD_MATCH = YES;
				COPY_PHASE_STRIP = NO;
				DEBUG_INFORMATION_FORMAT = dwarf;
				ENABLE_STRICT_OBJC_MSGSEND = YES;
				ENABLE_TESTABILITY = YES;
				GCC_C_LANGUAGE_STANDARD = gnu11;
				GCC_DYNAMIC_NO_PIC = NO;
				GCC_NO_COMMON_BLOCKS = YES;
				GCC_OPTIMIZATION_LEVEL = 0;
				GCC_PREPROCESSOR_DEFINITIONS = (
					"DEBUG=1",
					"$(inherited)",
				);
				GCC_WARN_64_TO_32_BIT_CONVERSION = YES;
				GCC_WARN_ABOUT_RETURN_TYPE = YES_ERROR;
				GCC_WARN_UNDECLARED_SELECTOR = YES;
				GCC_WARN_UNINITIALIZED_AUTOS = YES_AGGRESSIVE;
				GCC_WARN_UNUSED_FUNCTION = YES;
				GCC_WARN_UNUSED_VARIABLE = YES;
				IPHONEOS_DEPLOYMENT_TARGET = 16.4;
				MTL_ENABLE_DEBUG_INFO = INCLUDE_SOURCE;
				MTL_FAST_MATH = YES;
				ONLY_ACTIVE_ARCH = YES;
				SDKROOT = iphoneos;
				SWIFT_ACTIVE_COMPILATION_CONDITIONS = DEBUG;
				SWIFT_OPTIMIZATION_LEVEL = "-Onone";
			};
			name = Debug;
		};
		FCF5BB462AE1653B00BA6F6B /* Release */ = {
			isa = XCBuildConfiguration;
			buildSettings = {
				ALWAYS_SEARCH_USER_PATHS = NO;
				CLANG_ANALYZER_NONNULL = YES;
				CLANG_ANALYZER_NUMBER_OBJECT_CONVERSION = YES_AGGRESSIVE;
				CLANG_CXX_LANGUAGE_STANDARD = "gnu++20";
				CLANG_ENABLE_MODULES = YES;
				CLANG_ENABLE_OBJC_ARC = YES;
				CLANG_ENABLE_OBJC_WEAK = YES;
				CLANG_WARN_BLOCK_CAPTURE_AUTORELEASING = YES;
				CLANG_WARN_BOOL_CONVERSION = YES;
				CLANG_WARN_COMMA = YES;
				CLANG_WARN_CONSTANT_CONVERSION = YES;
				CLANG_WARN_DEPRECATED_OBJC_IMPLEMENTATIONS = YES;
				CLANG_WARN_DIRECT_OBJC_ISA_USAGE = YES_ERROR;
				CLANG_WARN_DOCUMENTATION_COMMENTS = YES;
				CLANG_WARN_EMPTY_BODY = YES;
				CLANG_WARN_ENUM_CONVERSION = YES;
				CLANG_WARN_INFINITE_RECURSION = YES;
				CLANG_WARN_INT_CONVERSION = YES;
				CLANG_WARN_NON_LITERAL_NULL_CONVERSION = YES;
				CLANG_WARN_OBJC_IMPLICIT_RETAIN_SELF = YES;
				CLANG_WARN_OBJC_LITERAL_CONVERSION = YES;
				CLANG_WARN_OBJC_ROOT_CLASS = YES_ERROR;
				CLANG_WARN_QUOTED_INCLUDE_IN_FRAMEWORK_HEADER = YES;
				CLANG_WARN_RANGE_LOOP_ANALYSIS = YES;
				CLANG_WARN_STRICT_PROTOTYPES = YES;
				CLANG_WARN_SUSPICIOUS_MOVE = YES;
				CLANG_WARN_UNGUARDED_AVAILABILITY = YES_AGGRESSIVE;
				CLANG_WARN_UNREACHABLE_CODE = YES;
				CLANG_WARN__DUPLICATE_METHOD_MATCH = YES;
				COPY_PHASE_STRIP = NO;
				DEBUG_INFORMATION_FORMAT = "dwarf-with-dsym";
				ENABLE_NS_ASSERTIONS = NO;
				ENABLE_STRICT_OBJC_MSGSEND = YES;
				GCC_C_LANGUAGE_STANDARD = gnu11;
				GCC_NO_COMMON_BLOCKS = YES;
				GCC_WARN_64_TO_32_BIT_CONVERSION = YES;
				GCC_WARN_ABOUT_RETURN_TYPE = YES_ERROR;
				GCC_WARN_UNDECLARED_SELECTOR = YES;
				GCC_WARN_UNINITIALIZED_AUTOS = YES_AGGRESSIVE;
				GCC_WARN_UNUSED_FUNCTION = YES;
				GCC_WARN_UNUSED_VARIABLE = YES;
				IPHONEOS_DEPLOYMENT_TARGET = 16.4;
				MTL_ENABLE_DEBUG_INFO = NO;
				MTL_FAST_MATH = YES;
				SDKROOT = iphoneos;
				SWIFT_COMPILATION_MODE = wholemodule;
				SWIFT_OPTIMIZATION_LEVEL = "-O";
				VALIDATE_PRODUCT = YES;
			};
			name = Release;
		};
		FCF5BB482AE1653B00BA6F6B /* Debug */ = {
			isa = XCBuildConfiguration;
			buildSettings = {
				ASSETCATALOG_COMPILER_APPICON_NAME = AppIcon;
				ASSETCATALOG_COMPILER_GLOBAL_ACCENT_COLOR_NAME = AccentColor;
				CODE_SIGN_STYLE = Automatic;
				CURRENT_PROJECT_VERSION = 1;
				DEVELOPMENT_TEAM = UYW8HNCU5F;
				GENERATE_INFOPLIST_FILE = YES;
				INFOPLIST_FILE = CurrencyConverterApp/Resources/Info.plist;
				INFOPLIST_KEY_UIApplicationSupportsIndirectInputEvents = YES;
				INFOPLIST_KEY_UILaunchStoryboardName = LaunchScreen;
				INFOPLIST_KEY_UISupportedInterfaceOrientations_iPad = "UIInterfaceOrientationPortrait UIInterfaceOrientationPortraitUpsideDown UIInterfaceOrientationLandscapeLeft UIInterfaceOrientationLandscapeRight";
				INFOPLIST_KEY_UISupportedInterfaceOrientations_iPhone = "UIInterfaceOrientationPortrait UIInterfaceOrientationLandscapeLeft UIInterfaceOrientationLandscapeRight";
				LD_RUNPATH_SEARCH_PATHS = (
					"$(inherited)",
					"@executable_path/Frameworks",
				);
				MARKETING_VERSION = 1.0;
				PRODUCT_BUNDLE_IDENTIFIER = me.vakhtang.Currency.CurrencyConverterApp;
				PRODUCT_NAME = "$(TARGET_NAME)";
				SWIFT_EMIT_LOC_STRINGS = YES;
				SWIFT_VERSION = 5.0;
				TARGETED_DEVICE_FAMILY = "1,2";
			};
			name = Debug;
		};
		FCF5BB492AE1653B00BA6F6B /* Release */ = {
			isa = XCBuildConfiguration;
			buildSettings = {
				ASSETCATALOG_COMPILER_APPICON_NAME = AppIcon;
				ASSETCATALOG_COMPILER_GLOBAL_ACCENT_COLOR_NAME = AccentColor;
				CODE_SIGN_STYLE = Automatic;
				CURRENT_PROJECT_VERSION = 1;
				DEVELOPMENT_TEAM = UYW8HNCU5F;
				GENERATE_INFOPLIST_FILE = YES;
				INFOPLIST_FILE = CurrencyConverterApp/Resources/Info.plist;
				INFOPLIST_KEY_UIApplicationSupportsIndirectInputEvents = YES;
				INFOPLIST_KEY_UILaunchStoryboardName = LaunchScreen;
				INFOPLIST_KEY_UISupportedInterfaceOrientations_iPad = "UIInterfaceOrientationPortrait UIInterfaceOrientationPortraitUpsideDown UIInterfaceOrientationLandscapeLeft UIInterfaceOrientationLandscapeRight";
				INFOPLIST_KEY_UISupportedInterfaceOrientations_iPhone = "UIInterfaceOrientationPortrait UIInterfaceOrientationLandscapeLeft UIInterfaceOrientationLandscapeRight";
				LD_RUNPATH_SEARCH_PATHS = (
					"$(inherited)",
					"@executable_path/Frameworks",
				);
				MARKETING_VERSION = 1.0;
				PRODUCT_BUNDLE_IDENTIFIER = me.vakhtang.Currency.CurrencyConverterApp;
				PRODUCT_NAME = "$(TARGET_NAME)";
				SWIFT_EMIT_LOC_STRINGS = YES;
				SWIFT_VERSION = 5.0;
				TARGETED_DEVICE_FAMILY = "1,2";
			};
			name = Release;
		};
/* End XCBuildConfiguration section */

/* Begin XCConfigurationList section */
		FCF5BB2E2AE1653800BA6F6B /* Build configuration list for PBXProject "CurrencyConverterApp" */ = {
			isa = XCConfigurationList;
			buildConfigurations = (
				FCF5BB452AE1653B00BA6F6B /* Debug */,
				FCF5BB462AE1653B00BA6F6B /* Release */,
			);
			defaultConfigurationIsVisible = 0;
			defaultConfigurationName = Release;
		};
		FCF5BB472AE1653B00BA6F6B /* Build configuration list for PBXNativeTarget "CurrencyConverterApp" */ = {
			isa = XCConfigurationList;
			buildConfigurations = (
				FCF5BB482AE1653B00BA6F6B /* Debug */,
				FCF5BB492AE1653B00BA6F6B /* Release */,
			);
			defaultConfigurationIsVisible = 0;
			defaultConfigurationName = Release;
		};
/* End XCConfigurationList section */
	};
	rootObject = FCF5BB2B2AE1653800BA6F6B /* Project object */;
}
